
Microsoft Visual Studio Solution File, Format Version 12.00
# Visual Studio Version 16
VisualStudioVersion = 16.0.30406.217
MinimumVisualStudioVersion = 10.0.40219.1
Project("{FAE04EC0-301F-11D3-BF4B-00C04F79EFBC}") = "Collections", "Collections.csproj", "{F43868F5-A861-4E5C-97E4-53A33525CA76}"
EndProject
Global
	GlobalSection(SolutionConfigurationPlatforms) = preSolution
		Debug|Any CPU = Debug|Any CPU
		Release|Any CPU = Release|Any CPU
	EndGlobalSection
	GlobalSection(ProjectConfigurationPlatforms) = postSolution
		{F43868F5-A861-4E5C-97E4-53A33525CA76}.Debug|Any CPU.ActiveCfg = Debug|Any CPU
		{F43868F5-A861-4E5C-97E4-53A33525CA76}.Debug|Any CPU.Build.0 = Debug|Any CPU
		{F43868F5-A861-4E5C-97E4-53A33525CA76}.Release|Any CPU.ActiveCfg = Release|Any CPU
		{F43868F5-A861-4E5C-97E4-53A33525CA76}.Release|Any CPU.Build.0 = Release|Any CPU
	EndGlobalSection
	GlobalSection(SolutionProperties) = preSolution
		HideSolutionNode = FALSE
	EndGlobalSection
	GlobalSection(ExtensibilityGlobals) = postSolution
		SolutionGuid = {838A0E8E-56E4-4E40-9A5C-CBEEE43A84CC}
	EndGlobalSection
EndGlobal
