
Microsoft Visual Studio Solution File, Format Version 12.00
# Visual Studio Version 16
VisualStudioVersion = 16.0.30406.217
MinimumVisualStudioVersion = 10.0.40219.1
Project("{9A19103F-16F7-4668-BE54-9A1E7A4F7556}") = "GenericCollections", "GenericCollections.csproj", "{439A550B-8749-4617-B819-A6C2D48D6A1B}"
EndProject
Project("{FAE04EC0-301F-11D3-BF4B-00C04F79EFBC}") = "KeyValues", "..\KeyValues\KeyValues.csproj", "{DAB15F90-8A34-45F7-B22F-F74A37AFD03A}"
EndProject
Global
	GlobalSection(SolutionConfigurationPlatforms) = preSolution
		Debug|Any CPU = Debug|Any CPU
		Release|Any CPU = Release|Any CPU
	EndGlobalSection
	GlobalSection(ProjectConfigurationPlatforms) = postSolution
		{439A550B-8749-4617-B819-A6C2D48D6A1B}.Debug|Any CPU.ActiveCfg = Debug|Any CPU
		{439A550B-8749-4617-B819-A6C2D48D6A1B}.Debug|Any CPU.Build.0 = Debug|Any CPU
		{439A550B-8749-4617-B819-A6C2D48D6A1B}.Release|Any CPU.ActiveCfg = Release|Any CPU
		{439A550B-8749-4617-B819-A6C2D48D6A1B}.Release|Any CPU.Build.0 = Release|Any CPU
		{DAB15F90-8A34-45F7-B22F-F74A37AFD03A}.Debug|Any CPU.ActiveCfg = Debug|Any CPU
		{DAB15F90-8A34-45F7-B22F-F74A37AFD03A}.Debug|Any CPU.Build.0 = Debug|Any CPU
		{DAB15F90-8A34-45F7-B22F-F74A37AFD03A}.Release|Any CPU.ActiveCfg = Release|Any CPU
		{DAB15F90-8A34-45F7-B22F-F74A37AFD03A}.Release|Any CPU.Build.0 = Release|Any CPU
	EndGlobalSection
	GlobalSection(SolutionProperties) = preSolution
		HideSolutionNode = FALSE
	EndGlobalSection
	GlobalSection(ExtensibilityGlobals) = postSolution
		SolutionGuid = {08F9B050-4E50-4BE8-86C1-F7500A113995}
	EndGlobalSection
EndGlobal
