
Microsoft Visual Studio Solution File, Format Version 12.00
# Visual Studio Version 16
VisualStudioVersion = 16.0.30406.217
MinimumVisualStudioVersion = 10.0.40219.1
Project("{FAE04EC0-301F-11D3-BF4B-00C04F79EFBC}") = "PasswordEncryption", "PasswordEncryption.csproj", "{C367AB36-F24D-4201-8A3A-C8E26370DF37}"
EndProject
Global
	GlobalSection(SolutionConfigurationPlatforms) = preSolution
		Debug|Any CPU = Debug|Any CPU
		Release|Any CPU = Release|Any CPU
	EndGlobalSection
	GlobalSection(ProjectConfigurationPlatforms) = postSolution
		{C367AB36-F24D-4201-8A3A-C8E26370DF37}.Debug|Any CPU.ActiveCfg = Debug|Any CPU
		{C367AB36-F24D-4201-8A3A-C8E26370DF37}.Debug|Any CPU.Build.0 = Debug|Any CPU
		{C367AB36-F24D-4201-8A3A-C8E26370DF37}.Release|Any CPU.ActiveCfg = Release|Any CPU
		{C367AB36-F24D-4201-8A3A-C8E26370DF37}.Release|Any CPU.Build.0 = Release|Any CPU
	EndGlobalSection
	GlobalSection(SolutionProperties) = preSolution
		HideSolutionNode = FALSE
	EndGlobalSection
	GlobalSection(ExtensibilityGlobals) = postSolution
		SolutionGuid = {E31944EA-1EE6-4612-8B8D-BDBDCCA90672}
	EndGlobalSection
EndGlobal
