
Microsoft Visual Studio Solution File, Format Version 12.00
# Visual Studio Version 16
VisualStudioVersion = 16.0.30406.217
MinimumVisualStudioVersion = 10.0.40219.1
Project("{FAE04EC0-301F-11D3-BF4B-00C04F79EFBC}") = "KeyValueStore", "KeyValueStore.csproj", "{52B551E5-DC31-44CA-80FB-81492B41629F}"
EndProject
Global
	GlobalSection(SolutionConfigurationPlatforms) = preSolution
		Debug|Any CPU = Debug|Any CPU
		Release|Any CPU = Release|Any CPU
	EndGlobalSection
	GlobalSection(ProjectConfigurationPlatforms) = postSolution
		{52B551E5-DC31-44CA-80FB-81492B41629F}.Debug|Any CPU.ActiveCfg = Debug|Any CPU
		{52B551E5-DC31-44CA-80FB-81492B41629F}.Debug|Any CPU.Build.0 = Debug|Any CPU
		{52B551E5-DC31-44CA-80FB-81492B41629F}.Release|Any CPU.ActiveCfg = Release|Any CPU
		{52B551E5-DC31-44CA-80FB-81492B41629F}.Release|Any CPU.Build.0 = Release|Any CPU
	EndGlobalSection
	GlobalSection(SolutionProperties) = preSolution
		HideSolutionNode = FALSE
	EndGlobalSection
	GlobalSection(ExtensibilityGlobals) = postSolution
		SolutionGuid = {27EC96CE-4CD5-470E-89CA-5519109E634D}
	EndGlobalSection
EndGlobal
