
Microsoft Visual Studio Solution File, Format Version 12.00
# Visual Studio Version 16
VisualStudioVersion = 16.0.30225.117
MinimumVisualStudioVersion = 10.0.40219.1
Project("{9A19103F-16F7-4668-BE54-9A1E7A4F7556}") = "WhiteBoardChallenged", "WhiteBoardChallenged.csproj", "{55726BEC-BED0-4737-AD51-FC8B8F35ABBC}"
EndProject
Project("{9A19103F-16F7-4668-BE54-9A1E7A4F7556}") = "GetCharFromString", "..\GetCharFromString\GetCharFromString.csproj", "{34AFB68A-2FD4-4E1E-89E5-E6D1E8A3B85D}"
EndProject
Project("{9A19103F-16F7-4668-BE54-9A1E7A4F7556}") = "ReverseString", "..\ReverseString\ReverseString.csproj", "{E330A7BB-2E01-48C6-979D-4BF97EA040BD}"
EndProject
Project("{9A19103F-16F7-4668-BE54-9A1E7A4F7556}") = "GreaterThanInput", "..\GreaterThanInput\GreaterThanInput.csproj", "{ED90427F-84DD-40DB-84EE-0447B1ED0B06}"
EndProject
Project("{9A19103F-16F7-4668-BE54-9A1E7A4F7556}") = "Palindrome", "..\Palindrome\Palindrome.csproj", "{D5EAA3AC-BB28-49AC-AD66-07AA9D8EF1D3}"
EndProject
Project("{9A19103F-16F7-4668-BE54-9A1E7A4F7556}") = "PalindromeTest", "..\PalindromeTest\PalindromeTest.csproj", "{3BC36766-3BAD-4166-BA0F-3A371478666B}"
	ProjectSection(ProjectDependencies) = postProject
		{D5EAA3AC-BB28-49AC-AD66-07AA9D8EF1D3} = {D5EAA3AC-BB28-49AC-AD66-07AA9D8EF1D3}
	EndProjectSection
EndProject
Project("{9A19103F-16F7-4668-BE54-9A1E7A4F7556}") = "TimeFunction", "..\TimeFunction\TimeFunction.csproj", "{5CE8E836-82B3-498E-BC0F-679EEA2770EE}"
EndProject
Project("{9A19103F-16F7-4668-BE54-9A1E7A4F7556}") = "Geometry", "..\Geometry\Geometry.csproj", "{0FF06F86-97E1-4085-9FC7-F9900F33FA8C}"
EndProject
Project("{9A19103F-16F7-4668-BE54-9A1E7A4F7556}") = "Circles", "..\Circles\Circles.csproj", "{196BC939-9BBC-42DF-B0CB-05A9DC9F78A9}"
EndProject
Project("{9A19103F-16F7-4668-BE54-9A1E7A4F7556}") = "CirclesTest", "..\CirclesTest\CirclesTest.csproj", "{DA03BA9E-5D97-4006-8191-18BB9460452E}"
EndProject
Project("{9A19103F-16F7-4668-BE54-9A1E7A4F7556}") = "PrimeNumber", "..\PrimeNumber\PrimeNumber.csproj", "{7330A2C5-C206-4F7F-B1B9-E5A7CF846BCA}"
EndProject
Project("{FAE04EC0-301F-11D3-BF4B-00C04F79EFBC}") = "DistinctElementsArray", "..\DistinctElementsArray\DistinctElementsArray.csproj", "{5D19EFA3-729A-4D89-97F7-FB2D8E7B02A7}"
EndProject
Project("{FAE04EC0-301F-11D3-BF4B-00C04F79EFBC}") = "JulianCalendar", "..\JulianCalendar\JulianCalendar.csproj", "{4EC0BF56-AC7D-43FD-A794-2AE4D6929508}"
EndProject
Global
	GlobalSection(SolutionConfigurationPlatforms) = preSolution
		Debug|Any CPU = Debug|Any CPU
		Release|Any CPU = Release|Any CPU
	EndGlobalSection
	GlobalSection(ProjectConfigurationPlatforms) = postSolution
		{55726BEC-BED0-4737-AD51-FC8B8F35ABBC}.Debug|Any CPU.ActiveCfg = Debug|Any CPU
		{55726BEC-BED0-4737-AD51-FC8B8F35ABBC}.Debug|Any CPU.Build.0 = Debug|Any CPU
		{55726BEC-BED0-4737-AD51-FC8B8F35ABBC}.Release|Any CPU.ActiveCfg = Release|Any CPU
		{55726BEC-BED0-4737-AD51-FC8B8F35ABBC}.Release|Any CPU.Build.0 = Release|Any CPU
		{34AFB68A-2FD4-4E1E-89E5-E6D1E8A3B85D}.Debug|Any CPU.ActiveCfg = Debug|Any CPU
		{34AFB68A-2FD4-4E1E-89E5-E6D1E8A3B85D}.Debug|Any CPU.Build.0 = Debug|Any CPU
		{34AFB68A-2FD4-4E1E-89E5-E6D1E8A3B85D}.Release|Any CPU.ActiveCfg = Release|Any CPU
		{34AFB68A-2FD4-4E1E-89E5-E6D1E8A3B85D}.Release|Any CPU.Build.0 = Release|Any CPU
		{E330A7BB-2E01-48C6-979D-4BF97EA040BD}.Debug|Any CPU.ActiveCfg = Debug|Any CPU
		{E330A7BB-2E01-48C6-979D-4BF97EA040BD}.Debug|Any CPU.Build.0 = Debug|Any CPU
		{E330A7BB-2E01-48C6-979D-4BF97EA040BD}.Release|Any CPU.ActiveCfg = Release|Any CPU
		{E330A7BB-2E01-48C6-979D-4BF97EA040BD}.Release|Any CPU.Build.0 = Release|Any CPU
		{ED90427F-84DD-40DB-84EE-0447B1ED0B06}.Debug|Any CPU.ActiveCfg = Debug|Any CPU
		{ED90427F-84DD-40DB-84EE-0447B1ED0B06}.Debug|Any CPU.Build.0 = Debug|Any CPU
		{ED90427F-84DD-40DB-84EE-0447B1ED0B06}.Release|Any CPU.ActiveCfg = Release|Any CPU
		{ED90427F-84DD-40DB-84EE-0447B1ED0B06}.Release|Any CPU.Build.0 = Release|Any CPU
		{D5EAA3AC-BB28-49AC-AD66-07AA9D8EF1D3}.Debug|Any CPU.ActiveCfg = Debug|Any CPU
		{D5EAA3AC-BB28-49AC-AD66-07AA9D8EF1D3}.Debug|Any CPU.Build.0 = Debug|Any CPU
		{D5EAA3AC-BB28-49AC-AD66-07AA9D8EF1D3}.Release|Any CPU.ActiveCfg = Release|Any CPU
		{D5EAA3AC-BB28-49AC-AD66-07AA9D8EF1D3}.Release|Any CPU.Build.0 = Release|Any CPU
		{3BC36766-3BAD-4166-BA0F-3A371478666B}.Debug|Any CPU.ActiveCfg = Debug|Any CPU
		{3BC36766-3BAD-4166-BA0F-3A371478666B}.Debug|Any CPU.Build.0 = Debug|Any CPU
		{3BC36766-3BAD-4166-BA0F-3A371478666B}.Release|Any CPU.ActiveCfg = Release|Any CPU
		{3BC36766-3BAD-4166-BA0F-3A371478666B}.Release|Any CPU.Build.0 = Release|Any CPU
		{5CE8E836-82B3-498E-BC0F-679EEA2770EE}.Debug|Any CPU.ActiveCfg = Debug|Any CPU
		{5CE8E836-82B3-498E-BC0F-679EEA2770EE}.Debug|Any CPU.Build.0 = Debug|Any CPU
		{5CE8E836-82B3-498E-BC0F-679EEA2770EE}.Release|Any CPU.ActiveCfg = Release|Any CPU
		{5CE8E836-82B3-498E-BC0F-679EEA2770EE}.Release|Any CPU.Build.0 = Release|Any CPU
		{0FF06F86-97E1-4085-9FC7-F9900F33FA8C}.Debug|Any CPU.ActiveCfg = Debug|Any CPU
		{0FF06F86-97E1-4085-9FC7-F9900F33FA8C}.Debug|Any CPU.Build.0 = Debug|Any CPU
		{0FF06F86-97E1-4085-9FC7-F9900F33FA8C}.Release|Any CPU.ActiveCfg = Release|Any CPU
		{0FF06F86-97E1-4085-9FC7-F9900F33FA8C}.Release|Any CPU.Build.0 = Release|Any CPU
		{196BC939-9BBC-42DF-B0CB-05A9DC9F78A9}.Debug|Any CPU.ActiveCfg = Debug|Any CPU
		{196BC939-9BBC-42DF-B0CB-05A9DC9F78A9}.Debug|Any CPU.Build.0 = Debug|Any CPU
		{196BC939-9BBC-42DF-B0CB-05A9DC9F78A9}.Release|Any CPU.ActiveCfg = Release|Any CPU
		{196BC939-9BBC-42DF-B0CB-05A9DC9F78A9}.Release|Any CPU.Build.0 = Release|Any CPU
		{DA03BA9E-5D97-4006-8191-18BB9460452E}.Debug|Any CPU.ActiveCfg = Debug|Any CPU
		{DA03BA9E-5D97-4006-8191-18BB9460452E}.Debug|Any CPU.Build.0 = Debug|Any CPU
		{DA03BA9E-5D97-4006-8191-18BB9460452E}.Release|Any CPU.ActiveCfg = Release|Any CPU
		{DA03BA9E-5D97-4006-8191-18BB9460452E}.Release|Any CPU.Build.0 = Release|Any CPU
		{7330A2C5-C206-4F7F-B1B9-E5A7CF846BCA}.Debug|Any CPU.ActiveCfg = Debug|Any CPU
		{7330A2C5-C206-4F7F-B1B9-E5A7CF846BCA}.Debug|Any CPU.Build.0 = Debug|Any CPU
		{7330A2C5-C206-4F7F-B1B9-E5A7CF846BCA}.Release|Any CPU.ActiveCfg = Release|Any CPU
		{7330A2C5-C206-4F7F-B1B9-E5A7CF846BCA}.Release|Any CPU.Build.0 = Release|Any CPU
		{5D19EFA3-729A-4D89-97F7-FB2D8E7B02A7}.Debug|Any CPU.ActiveCfg = Debug|Any CPU
		{5D19EFA3-729A-4D89-97F7-FB2D8E7B02A7}.Debug|Any CPU.Build.0 = Debug|Any CPU
		{5D19EFA3-729A-4D89-97F7-FB2D8E7B02A7}.Release|Any CPU.ActiveCfg = Release|Any CPU
		{5D19EFA3-729A-4D89-97F7-FB2D8E7B02A7}.Release|Any CPU.Build.0 = Release|Any CPU
		{4EC0BF56-AC7D-43FD-A794-2AE4D6929508}.Debug|Any CPU.ActiveCfg = Debug|Any CPU
		{4EC0BF56-AC7D-43FD-A794-2AE4D6929508}.Debug|Any CPU.Build.0 = Debug|Any CPU
		{4EC0BF56-AC7D-43FD-A794-2AE4D6929508}.Release|Any CPU.ActiveCfg = Release|Any CPU
		{4EC0BF56-AC7D-43FD-A794-2AE4D6929508}.Release|Any CPU.Build.0 = Release|Any CPU
	EndGlobalSection
	GlobalSection(SolutionProperties) = preSolution
		HideSolutionNode = FALSE
	EndGlobalSection
	GlobalSection(ExtensibilityGlobals) = postSolution
		SolutionGuid = {7DA7C88E-A7A5-455B-AED8-BBDEEE416412}
	EndGlobalSection
EndGlobal
