
Microsoft Visual Studio Solution File, Format Version 12.00
# Visual Studio Version 16
VisualStudioVersion = 16.0.30320.27
MinimumVisualStudioVersion = 10.0.40219.1
Project("{FAE04EC0-301F-11D3-BF4B-00C04F79EFBC}") = "ISTA_220_EX6B_Richard_Lee", "ISTA_220_EX6B_Richard_Lee.csproj", "{72F92CA8-0244-484B-9A82-063A4567AE34}"
EndProject
Global
	GlobalSection(SolutionConfigurationPlatforms) = preSolution
		Debug|Any CPU = Debug|Any CPU
		Release|Any CPU = Release|Any CPU
	EndGlobalSection
	GlobalSection(ProjectConfigurationPlatforms) = postSolution
		{72F92CA8-0244-484B-9A82-063A4567AE34}.Debug|Any CPU.ActiveCfg = Debug|Any CPU
		{72F92CA8-0244-484B-9A82-063A4567AE34}.Debug|Any CPU.Build.0 = Debug|Any CPU
		{72F92CA8-0244-484B-9A82-063A4567AE34}.Release|Any CPU.ActiveCfg = Release|Any CPU
		{72F92CA8-0244-484B-9A82-063A4567AE34}.Release|Any CPU.Build.0 = Release|Any CPU
	EndGlobalSection
	GlobalSection(SolutionProperties) = preSolution
		HideSolutionNode = FALSE
	EndGlobalSection
	GlobalSection(ExtensibilityGlobals) = postSolution
		SolutionGuid = {FE56B8E2-A0C0-4F91-BDA0-3CB54EF64479}
	EndGlobalSection
EndGlobal
