
Microsoft Visual Studio Solution File, Format Version 12.00
# Visual Studio Version 16
VisualStudioVersion = 16.0.30225.117
MinimumVisualStudioVersion = 10.0.40219.1
Project("{FAE04EC0-301F-11D3-BF4B-00C04F79EFBC}") = "OptionalParameters", "OptionalParameters.csproj", "{F116F953-5424-43BF-8425-0E0F65EE88D5}"
EndProject
Global
	GlobalSection(SolutionConfigurationPlatforms) = preSolution
		Debug|Any CPU = Debug|Any CPU
		Release|Any CPU = Release|Any CPU
	EndGlobalSection
	GlobalSection(ProjectConfigurationPlatforms) = postSolution
		{F116F953-5424-43BF-8425-0E0F65EE88D5}.Debug|Any CPU.ActiveCfg = Debug|Any CPU
		{F116F953-5424-43BF-8425-0E0F65EE88D5}.Debug|Any CPU.Build.0 = Debug|Any CPU
		{F116F953-5424-43BF-8425-0E0F65EE88D5}.Release|Any CPU.ActiveCfg = Release|Any CPU
		{F116F953-5424-43BF-8425-0E0F65EE88D5}.Release|Any CPU.Build.0 = Release|Any CPU
	EndGlobalSection
	GlobalSection(SolutionProperties) = preSolution
		HideSolutionNode = FALSE
	EndGlobalSection
	GlobalSection(ExtensibilityGlobals) = postSolution
		SolutionGuid = {781CCA7B-FBE2-4B4E-8C31-A1EC9C704D09}
	EndGlobalSection
EndGlobal
