
Microsoft Visual Studio Solution File, Format Version 12.00
# Visual Studio Version 16
VisualStudioVersion = 16.0.30406.217
MinimumVisualStudioVersion = 10.0.40219.1
Project("{FAE04EC0-301F-11D3-BF4B-00C04F79EFBC}") = "deploymentTestApp", "deploymentTestApp.csproj", "{BB736152-CC86-4B15-BEC1-30467DF6A0E3}"
EndProject
Global
	GlobalSection(SolutionConfigurationPlatforms) = preSolution
		Debug|Any CPU = Debug|Any CPU
		Release|Any CPU = Release|Any CPU
	EndGlobalSection
	GlobalSection(ProjectConfigurationPlatforms) = postSolution
		{BB736152-CC86-4B15-BEC1-30467DF6A0E3}.Debug|Any CPU.ActiveCfg = Debug|Any CPU
		{BB736152-CC86-4B15-BEC1-30467DF6A0E3}.Debug|Any CPU.Build.0 = Debug|Any CPU
		{BB736152-CC86-4B15-BEC1-30467DF6A0E3}.Release|Any CPU.ActiveCfg = Release|Any CPU
		{BB736152-CC86-4B15-BEC1-30467DF6A0E3}.Release|Any CPU.Build.0 = Release|Any CPU
	EndGlobalSection
	GlobalSection(SolutionProperties) = preSolution
		HideSolutionNode = FALSE
	EndGlobalSection
	GlobalSection(ExtensibilityGlobals) = postSolution
		SolutionGuid = {0491494C-9D17-4F6A-A5F2-FD7F49545E2D}
	EndGlobalSection
EndGlobal
