
Microsoft Visual Studio Solution File, Format Version 12.00
# Visual Studio Version 16
VisualStudioVersion = 16.0.30611.23
MinimumVisualStudioVersion = 10.0.40219.1
Project("{FAE04EC0-301F-11D3-BF4B-00C04F79EFBC}") = "CSVParsing", "CSVParsing.csproj", "{9EE605D1-36CD-4580-B334-931E797A4607}"
EndProject
Global
	GlobalSection(SolutionConfigurationPlatforms) = preSolution
		Debug|Any CPU = Debug|Any CPU
		Release|Any CPU = Release|Any CPU
	EndGlobalSection
	GlobalSection(ProjectConfigurationPlatforms) = postSolution
		{9EE605D1-36CD-4580-B334-931E797A4607}.Debug|Any CPU.ActiveCfg = Debug|Any CPU
		{9EE605D1-36CD-4580-B334-931E797A4607}.Debug|Any CPU.Build.0 = Debug|Any CPU
		{9EE605D1-36CD-4580-B334-931E797A4607}.Release|Any CPU.ActiveCfg = Release|Any CPU
		{9EE605D1-36CD-4580-B334-931E797A4607}.Release|Any CPU.Build.0 = Release|Any CPU
	EndGlobalSection
	GlobalSection(SolutionProperties) = preSolution
		HideSolutionNode = FALSE
	EndGlobalSection
	GlobalSection(ExtensibilityGlobals) = postSolution
		SolutionGuid = {27079225-6BF3-429E-BF65-F96C4B80668F}
	EndGlobalSection
EndGlobal
